
Microsoft Visual Studio Solution File, Format Version 12.00
# Visual Studio Version 16
VisualStudioVersion = 16.0.29503.13
MinimumVisualStudioVersion = 10.0.40219.1
Project("{FAE04EC0-301F-11D3-BF4B-00C04F79EFBC}") = "Aplikacija", "Aplikacija\Aplikacija.csproj", "{5A151A1B-C6BD-45DD-B7A6-CCA6FB9594BC}"
EndProject
Global
	GlobalSection(SolutionConfigurationPlatforms) = preSolution
		Debug|Any CPU = Debug|Any CPU
		Release|Any CPU = Release|Any CPU
	EndGlobalSection
	GlobalSection(ProjectConfigurationPlatforms) = postSolution
		{5A151A1B-C6BD-45DD-B7A6-CCA6FB9594BC}.Debug|Any CPU.ActiveCfg = Debug|Any CPU
		{5A151A1B-C6BD-45DD-B7A6-CCA6FB9594BC}.Debug|Any CPU.Build.0 = Debug|Any CPU
		{5A151A1B-C6BD-45DD-B7A6-CCA6FB9594BC}.Release|Any CPU.ActiveCfg = Release|Any CPU
		{5A151A1B-C6BD-45DD-B7A6-CCA6FB9594BC}.Release|Any CPU.Build.0 = Release|Any CPU
	EndGlobalSection
	GlobalSection(SolutionProperties) = preSolution
		HideSolutionNode = FALSE
	EndGlobalSection
	GlobalSection(ExtensibilityGlobals) = postSolution
		SolutionGuid = {20642D82-2F6D-46F7-B528-41B54BBEF6FD}
	EndGlobalSection
EndGlobal
